<?xml version="1.0" encoding="UTF-8"?>
<!DOCTYPE plist PUBLIC "-//Apple//DTD PLIST 1.0//EN" "http://www.apple.com/DTDs/PropertyList-1.0.dtd">
<plist version="1.0">
<dict>
	<key>archiveVersion</key>
	<string>1</string>
	<key>classes</key>
	<dict/>
	<key>objectVersion</key>
	<string>46</string>
	<key>objects</key>
	<dict>
		<key>07023D4EEFFF4D62A8052388</key>
		<dict>
			<key>buildActionMask</key>
			<string>2147483647</string>
			<key>files</key>
			<array/>
			<key>inputPaths</key>
			<array/>
			<key>isa</key>
			<string>PBXShellScriptBuildPhase</string>
			<key>name</key>
			<string>Copy Pods Resources</string>
			<key>outputPaths</key>
			<array/>
			<key>runOnlyForDeploymentPostprocessing</key>
			<string>0</string>
			<key>shellPath</key>
			<string>/bin/sh</string>
			<key>shellScript</key>
			<string>"${SRCROOT}/Pods/Pods-OpenWeatherMap_iOS-resources.sh"
</string>
			<key>showEnvVarsInLog</key>
			<string>0</string>
		</dict>
		<key>3D31E6D0A1E8426FA0E4A4DD</key>
		<dict>
			<key>buildActionMask</key>
			<string>2147483647</string>
			<key>files</key>
			<array/>
			<key>inputPaths</key>
			<array/>
			<key>isa</key>
			<string>PBXShellScriptBuildPhase</string>
			<key>name</key>
			<string>Check Pods Manifest.lock</string>
			<key>outputPaths</key>
			<array/>
			<key>runOnlyForDeploymentPostprocessing</key>
			<string>0</string>
			<key>shellPath</key>
			<string>/bin/sh</string>
			<key>shellScript</key>
			<string>diff "${PODS_ROOT}/../Podfile.lock" "${PODS_ROOT}/Manifest.lock" &gt; /dev/null
if [[ $? != 0 ]] ; then
    cat &lt;&lt; EOM
error: The sandbox is not in sync with the Podfile.lock. Run 'pod install' or update your CocoaPods installation.
EOM
    exit 1
fi
</string>
			<key>showEnvVarsInLog</key>
			<string>0</string>
		</dict>
		<key>6AA537FC830948D7AE0F9A54</key>
		<dict>
			<key>fileRef</key>
			<string>9DCAE1942E8E487B81A96749</string>
			<key>isa</key>
			<string>PBXBuildFile</string>
		</dict>
		<key>8E4EC52F6B214A6EBEF143CC</key>
		<dict>
			<key>includeInIndex</key>
			<string>1</string>
			<key>isa</key>
			<string>PBXFileReference</string>
			<key>lastKnownFileType</key>
			<string>text.xcconfig</string>
			<key>name</key>
			<string>Pods-OpenWeatherMap_iOS.xcconfig</string>
			<key>path</key>
			<string>Pods/Pods-OpenWeatherMap_iOS.xcconfig</string>
			<key>sourceTree</key>
			<string>&lt;group&gt;</string>
		</dict>
		<key>9DCAE1942E8E487B81A96749</key>
		<dict>
			<key>explicitFileType</key>
			<string>archive.ar</string>
			<key>includeInIndex</key>
			<string>0</string>
			<key>isa</key>
			<string>PBXFileReference</string>
			<key>path</key>
			<string>libPods-OpenWeatherMap_iOS.a</string>
			<key>sourceTree</key>
			<string>BUILT_PRODUCTS_DIR</string>
		</dict>
		<key>BE438658199A728E0005AE88</key>
		<dict>
			<key>children</key>
			<array>
				<string>BE43866A199A728E0005AE88</string>
				<string>BE438689199A728E0005AE88</string>
				<string>BE438663199A728E0005AE88</string>
				<string>BE438662199A728E0005AE88</string>
				<string>8E4EC52F6B214A6EBEF143CC</string>
			</array>
			<key>isa</key>
			<string>PBXGroup</string>
			<key>sourceTree</key>
			<string>&lt;group&gt;</string>
		</dict>
		<key>BE438659199A728E0005AE88</key>
		<dict>
			<key>attributes</key>
			<dict>
				<key>CLASSPREFIX</key>
				<string>OWM</string>
				<key>LastUpgradeCheck</key>
				<string>0510</string>
				<key>ORGANIZATIONNAME</key>
				<string>Will Han</string>
				<key>TargetAttributes</key>
				<dict>
					<key>BE438681199A728E0005AE88</key>
					<dict>
						<key>TestTargetID</key>
						<string>BE438660199A728E0005AE88</string>
					</dict>
				</dict>
			</dict>
			<key>buildConfigurationList</key>
			<string>BE43865C199A728E0005AE88</string>
			<key>compatibilityVersion</key>
			<string>Xcode 3.2</string>
			<key>developmentRegion</key>
			<string>English</string>
			<key>hasScannedForEncodings</key>
			<string>0</string>
			<key>isa</key>
			<string>PBXProject</string>
			<key>knownRegions</key>
			<array>
				<string>en</string>
				<string>Base</string>
			</array>
			<key>mainGroup</key>
			<string>BE438658199A728E0005AE88</string>
			<key>productRefGroup</key>
			<string>BE438662199A728E0005AE88</string>
			<key>projectDirPath</key>
			<string></string>
			<key>projectReferences</key>
			<array/>
			<key>projectRoot</key>
			<string></string>
			<key>targets</key>
			<array>
				<string>BE438660199A728E0005AE88</string>
				<string>BE438681199A728E0005AE88</string>
			</array>
		</dict>
		<key>BE43865C199A728E0005AE88</key>
		<dict>
			<key>buildConfigurations</key>
			<array>
				<string>BE438691199A728E0005AE88</string>
				<string>BE438692199A728E0005AE88</string>
			</array>
			<key>defaultConfigurationIsVisible</key>
			<string>0</string>
			<key>defaultConfigurationName</key>
			<string>Release</string>
			<key>isa</key>
			<string>XCConfigurationList</string>
		</dict>
		<key>BE43865D199A728E0005AE88</key>
		<dict>
			<key>buildActionMask</key>
			<string>2147483647</string>
			<key>files</key>
			<array>
				<string>BE438675199A728E0005AE88</string>
				<string>BE43867B199A728E0005AE88</string>
				<string>BE438671199A728E0005AE88</string>
			</array>
			<key>isa</key>
			<string>PBXSourcesBuildPhase</string>
			<key>runOnlyForDeploymentPostprocessing</key>
			<string>0</string>
		</dict>
		<key>BE43865E199A728E0005AE88</key>
		<dict>
			<key>buildActionMask</key>
			<string>2147483647</string>
			<key>files</key>
			<array>
				<string>BE438667199A728E0005AE88</string>
				<string>BE438669199A728E0005AE88</string>
				<string>BE438665199A728E0005AE88</string>
				<string>6AA537FC830948D7AE0F9A54</string>
			</array>
			<key>isa</key>
			<string>PBXFrameworksBuildPhase</string>
			<key>runOnlyForDeploymentPostprocessing</key>
			<string>0</string>
		</dict>
		<key>BE43865F199A728E0005AE88</key>
		<dict>
			<key>buildActionMask</key>
			<string>2147483647</string>
			<key>files</key>
			<array>
				<string>BE43867D199A728E0005AE88</string>
				<string>BE43866F199A728E0005AE88</string>
				<string>BE438678199A728E0005AE88</string>
			</array>
			<key>isa</key>
			<string>PBXResourcesBuildPhase</string>
			<key>runOnlyForDeploymentPostprocessing</key>
			<string>0</string>
		</dict>
		<key>BE438660199A728E0005AE88</key>
		<dict>
			<key>buildConfigurationList</key>
			<string>BE438693199A728E0005AE88</string>
			<key>buildPhases</key>
			<array>
				<string>3D31E6D0A1E8426FA0E4A4DD</string>
				<string>BE43865D199A728E0005AE88</string>
				<string>BE43865E199A728E0005AE88</string>
				<string>BE43865F199A728E0005AE88</string>
				<string>07023D4EEFFF4D62A8052388</string>
			</array>
			<key>buildRules</key>
			<array/>
			<key>dependencies</key>
			<array/>
			<key>isa</key>
			<string>PBXNativeTarget</string>
			<key>name</key>
			<string>OpenWeatherMap_iOS</string>
			<key>productName</key>
			<string>OpenWeatherMap_iOS</string>
			<key>productReference</key>
			<string>BE438661199A728E0005AE88</string>
			<key>productType</key>
			<string>com.apple.product-type.application</string>
		</dict>
		<key>BE438661199A728E0005AE88</key>
		<dict>
			<key>explicitFileType</key>
			<string>wrapper.application</string>
			<key>includeInIndex</key>
			<string>0</string>
			<key>isa</key>
			<string>PBXFileReference</string>
			<key>path</key>
			<string>OpenWeatherMap_iOS.app</string>
			<key>sourceTree</key>
			<string>BUILT_PRODUCTS_DIR</string>
		</dict>
		<key>BE438662199A728E0005AE88</key>
		<dict>
			<key>children</key>
			<array>
				<string>BE438661199A728E0005AE88</string>
				<string>BE438682199A728E0005AE88</string>
			</array>
			<key>isa</key>
			<string>PBXGroup</string>
			<key>name</key>
			<string>Products</string>
			<key>sourceTree</key>
			<string>&lt;group&gt;</string>
		</dict>
		<key>BE438663199A728E0005AE88</key>
		<dict>
			<key>children</key>
			<array>
				<string>BE438664199A728E0005AE88</string>
				<string>BE438666199A728E0005AE88</string>
				<string>BE438668199A728E0005AE88</string>
				<string>BE438683199A728E0005AE88</string>
				<string>9DCAE1942E8E487B81A96749</string>
			</array>
			<key>isa</key>
			<string>PBXGroup</string>
			<key>name</key>
			<string>Frameworks</string>
			<key>sourceTree</key>
			<string>&lt;group&gt;</string>
		</dict>
		<key>BE438664199A728E0005AE88</key>
		<dict>
			<key>isa</key>
			<string>PBXFileReference</string>
			<key>lastKnownFileType</key>
			<string>wrapper.framework</string>
			<key>name</key>
			<string>Foundation.framework</string>
			<key>path</key>
			<string>System/Library/Frameworks/Foundation.framework</string>
			<key>sourceTree</key>
			<string>SDKROOT</string>
		</dict>
		<key>BE438665199A728E0005AE88</key>
		<dict>
			<key>fileRef</key>
			<string>BE438664199A728E0005AE88</string>
			<key>isa</key>
			<string>PBXBuildFile</string>
		</dict>
		<key>BE438666199A728E0005AE88</key>
		<dict>
			<key>isa</key>
			<string>PBXFileReference</string>
			<key>lastKnownFileType</key>
			<string>wrapper.framework</string>
			<key>name</key>
			<string>CoreGraphics.framework</string>
			<key>path</key>
			<string>System/Library/Frameworks/CoreGraphics.framework</string>
			<key>sourceTree</key>
			<string>SDKROOT</string>
		</dict>
		<key>BE438667199A728E0005AE88</key>
		<dict>
			<key>fileRef</key>
			<string>BE438666199A728E0005AE88</string>
			<key>isa</key>
			<string>PBXBuildFile</string>
		</dict>
		<key>BE438668199A728E0005AE88</key>
		<dict>
			<key>isa</key>
			<string>PBXFileReference</string>
			<key>lastKnownFileType</key>
			<string>wrapper.framework</string>
			<key>name</key>
			<string>UIKit.framework</string>
			<key>path</key>
			<string>System/Library/Frameworks/UIKit.framework</string>
			<key>sourceTree</key>
			<string>SDKROOT</string>
		</dict>
		<key>BE438669199A728E0005AE88</key>
		<dict>
			<key>fileRef</key>
			<string>BE438668199A728E0005AE88</string>
			<key>isa</key>
			<string>PBXBuildFile</string>
		</dict>
		<key>BE43866A199A728E0005AE88</key>
		<dict>
			<key>children</key>
			<array>
				<string>BE438673199A728E0005AE88</string>
				<string>BE438674199A728E0005AE88</string>
				<string>BE438676199A728E0005AE88</string>
				<string>BE438679199A728E0005AE88</string>
				<string>BE43867A199A728E0005AE88</string>
				<string>BE43867C199A728E0005AE88</string>
				<string>BE43866B199A728E0005AE88</string>
			</array>
			<key>isa</key>
			<string>PBXGroup</string>
			<key>path</key>
			<string>OpenWeatherMap_iOS</string>
			<key>sourceTree</key>
			<string>&lt;group&gt;</string>
		</dict>
		<key>BE43866B199A728E0005AE88</key>
		<dict>
			<key>children</key>
			<array>
				<string>BE43866C199A728E0005AE88</string>
				<string>BE43866D199A728E0005AE88</string>
				<string>BE438670199A728E0005AE88</string>
				<string>BE438672199A728E0005AE88</string>
			</array>
			<key>isa</key>
			<string>PBXGroup</string>
			<key>name</key>
			<string>Supporting Files</string>
			<key>sourceTree</key>
			<string>&lt;group&gt;</string>
		</dict>
		<key>BE43866C199A728E0005AE88</key>
		<dict>
			<key>isa</key>
			<string>PBXFileReference</string>
			<key>lastKnownFileType</key>
			<string>text.plist.xml</string>
			<key>path</key>
			<string>OpenWeatherMap_iOS-Info.plist</string>
			<key>sourceTree</key>
			<string>&lt;group&gt;</string>
		</dict>
		<key>BE43866D199A728E0005AE88</key>
		<dict>
			<key>children</key>
			<array>
				<string>BE43866E199A728E0005AE88</string>
			</array>
			<key>isa</key>
			<string>PBXVariantGroup</string>
			<key>name</key>
			<string>InfoPlist.strings</string>
			<key>sourceTree</key>
			<string>&lt;group&gt;</string>
		</dict>
		<key>BE43866E199A728E0005AE88</key>
		<dict>
			<key>isa</key>
			<string>PBXFileReference</string>
			<key>lastKnownFileType</key>
			<string>text.plist.strings</string>
			<key>name</key>
			<string>en</string>
			<key>path</key>
			<string>en.lproj/InfoPlist.strings</string>
			<key>sourceTree</key>
			<string>&lt;group&gt;</string>
		</dict>
		<key>BE43866F199A728E0005AE88</key>
		<dict>
			<key>fileRef</key>
			<string>BE43866D199A728E0005AE88</string>
			<key>isa</key>
			<string>PBXBuildFile</string>
		</dict>
		<key>BE438670199A728E0005AE88</key>
		<dict>
			<key>isa</key>
			<string>PBXFileReference</string>
			<key>lastKnownFileType</key>
			<string>sourcecode.c.objc</string>
			<key>path</key>
			<string>main.m</string>
			<key>sourceTree</key>
			<string>&lt;group&gt;</string>
		</dict>
		<key>BE438671199A728E0005AE88</key>
		<dict>
			<key>fileRef</key>
			<string>BE438670199A728E0005AE88</string>
			<key>isa</key>
			<string>PBXBuildFile</string>
		</dict>
		<key>BE438672199A728E0005AE88</key>
		<dict>
			<key>isa</key>
			<string>PBXFileReference</string>
			<key>lastKnownFileType</key>
			<string>sourcecode.c.h</string>
			<key>path</key>
			<string>OpenWeatherMap_iOS-Prefix.pch</string>
			<key>sourceTree</key>
			<string>&lt;group&gt;</string>
		</dict>
		<key>BE438673199A728E0005AE88</key>
		<dict>
			<key>isa</key>
			<string>PBXFileReference</string>
			<key>lastKnownFileType</key>
			<string>sourcecode.c.h</string>
			<key>path</key>
			<string>OWMAppDelegate.h</string>
			<key>sourceTree</key>
			<string>&lt;group&gt;</string>
		</dict>
		<key>BE438674199A728E0005AE88</key>
		<dict>
			<key>isa</key>
			<string>PBXFileReference</string>
			<key>lastKnownFileType</key>
			<string>sourcecode.c.objc</string>
			<key>path</key>
			<string>OWMAppDelegate.m</string>
			<key>sourceTree</key>
			<string>&lt;group&gt;</string>
		</dict>
		<key>BE438675199A728E0005AE88</key>
		<dict>
			<key>fileRef</key>
			<string>BE438674199A728E0005AE88</string>
			<key>isa</key>
			<string>PBXBuildFile</string>
		</dict>
		<key>BE438676199A728E0005AE88</key>
		<dict>
			<key>children</key>
			<array>
				<string>BE438677199A728E0005AE88</string>
			</array>
			<key>isa</key>
			<string>PBXVariantGroup</string>
			<key>name</key>
			<string>Main.storyboard</string>
			<key>sourceTree</key>
			<string>&lt;group&gt;</string>
		</dict>
		<key>BE438677199A728E0005AE88</key>
		<dict>
			<key>isa</key>
			<string>PBXFileReference</string>
			<key>lastKnownFileType</key>
			<string>file.storyboard</string>
			<key>name</key>
			<string>Base</string>
			<key>path</key>
			<string>Base.lproj/Main.storyboard</string>
			<key>sourceTree</key>
			<string>&lt;group&gt;</string>
		</dict>
		<key>BE438678199A728E0005AE88</key>
		<dict>
			<key>fileRef</key>
			<string>BE438676199A728E0005AE88</string>
			<key>isa</key>
			<string>PBXBuildFile</string>
		</dict>
		<key>BE438679199A728E0005AE88</key>
		<dict>
			<key>isa</key>
			<string>PBXFileReference</string>
			<key>lastKnownFileType</key>
			<string>sourcecode.c.h</string>
			<key>path</key>
			<string>OWMViewController.h</string>
			<key>sourceTree</key>
			<string>&lt;group&gt;</string>
		</dict>
		<key>BE43867A199A728E0005AE88</key>
		<dict>
			<key>isa</key>
			<string>PBXFileReference</string>
			<key>lastKnownFileType</key>
			<string>sourcecode.c.objc</string>
			<key>path</key>
			<string>OWMViewController.m</string>
			<key>sourceTree</key>
			<string>&lt;group&gt;</string>
		</dict>
		<key>BE43867B199A728E0005AE88</key>
		<dict>
			<key>fileRef</key>
			<string>BE43867A199A728E0005AE88</string>
			<key>isa</key>
			<string>PBXBuildFile</string>
		</dict>
		<key>BE43867C199A728E0005AE88</key>
		<dict>
			<key>isa</key>
			<string>PBXFileReference</string>
			<key>lastKnownFileType</key>
			<string>folder.assetcatalog</string>
			<key>path</key>
			<string>Images.xcassets</string>
			<key>sourceTree</key>
			<string>&lt;group&gt;</string>
		</dict>
		<key>BE43867D199A728E0005AE88</key>
		<dict>
			<key>fileRef</key>
			<string>BE43867C199A728E0005AE88</string>
			<key>isa</key>
			<string>PBXBuildFile</string>
		</dict>
		<key>BE43867E199A728E0005AE88</key>
		<dict>
			<key>buildActionMask</key>
			<string>2147483647</string>
			<key>files</key>
			<array>
				<string>BE438690199A728E0005AE88</string>
			</array>
			<key>isa</key>
			<string>PBXSourcesBuildPhase</string>
			<key>runOnlyForDeploymentPostprocessing</key>
			<string>0</string>
		</dict>
		<key>BE43867F199A728E0005AE88</key>
		<dict>
			<key>buildActionMask</key>
			<string>2147483647</string>
			<key>files</key>
			<array>
				<string>BE438684199A728E0005AE88</string>
				<string>BE438686199A728E0005AE88</string>
				<string>BE438685199A728E0005AE88</string>
			</array>
			<key>isa</key>
			<string>PBXFrameworksBuildPhase</string>
			<key>runOnlyForDeploymentPostprocessing</key>
			<string>0</string>
		</dict>
		<key>BE438680199A728E0005AE88</key>
		<dict>
			<key>buildActionMask</key>
			<string>2147483647</string>
			<key>files</key>
			<array>
				<string>BE43868E199A728E0005AE88</string>
			</array>
			<key>isa</key>
			<string>PBXResourcesBuildPhase</string>
			<key>runOnlyForDeploymentPostprocessing</key>
			<string>0</string>
		</dict>
		<key>BE438681199A728E0005AE88</key>
		<dict>
			<key>buildConfigurationList</key>
			<string>BE438696199A728E0005AE88</string>
			<key>buildPhases</key>
			<array>
				<string>BE43867E199A728E0005AE88</string>
				<string>BE43867F199A728E0005AE88</string>
				<string>BE438680199A728E0005AE88</string>
			</array>
			<key>buildRules</key>
			<array/>
			<key>dependencies</key>
			<array>
				<string>BE438688199A728E0005AE88</string>
			</array>
			<key>isa</key>
			<string>PBXNativeTarget</string>
			<key>name</key>
			<string>OpenWeatherMap_iOSTests</string>
			<key>productName</key>
			<string>OpenWeatherMap_iOSTests</string>
			<key>productReference</key>
			<string>BE438682199A728E0005AE88</string>
			<key>productType</key>
			<string>com.apple.product-type.bundle.unit-test</string>
		</dict>
		<key>BE438682199A728E0005AE88</key>
		<dict>
			<key>explicitFileType</key>
			<string>wrapper.cfbundle</string>
			<key>includeInIndex</key>
			<string>0</string>
			<key>isa</key>
			<string>PBXFileReference</string>
			<key>path</key>
			<string>OpenWeatherMap_iOSTests.xctest</string>
			<key>sourceTree</key>
			<string>BUILT_PRODUCTS_DIR</string>
		</dict>
		<key>BE438683199A728E0005AE88</key>
		<dict>
			<key>isa</key>
			<string>PBXFileReference</string>
			<key>lastKnownFileType</key>
			<string>wrapper.framework</string>
			<key>name</key>
			<string>XCTest.framework</string>
			<key>path</key>
			<string>Library/Frameworks/XCTest.framework</string>
			<key>sourceTree</key>
			<string>DEVELOPER_DIR</string>
		</dict>
		<key>BE438684199A728E0005AE88</key>
		<dict>
			<key>fileRef</key>
			<string>BE438683199A728E0005AE88</string>
			<key>isa</key>
			<string>PBXBuildFile</string>
		</dict>
		<key>BE438685199A728E0005AE88</key>
		<dict>
			<key>fileRef</key>
			<string>BE438664199A728E0005AE88</string>
			<key>isa</key>
			<string>PBXBuildFile</string>
		</dict>
		<key>BE438686199A728E0005AE88</key>
		<dict>
			<key>fileRef</key>
			<string>BE438668199A728E0005AE88</string>
			<key>isa</key>
			<string>PBXBuildFile</string>
		</dict>
		<key>BE438687199A728E0005AE88</key>
		<dict>
			<key>containerPortal</key>
			<string>BE438659199A728E0005AE88</string>
			<key>isa</key>
			<string>PBXContainerItemProxy</string>
			<key>proxyType</key>
			<string>1</string>
			<key>remoteGlobalIDString</key>
			<string>BE438660199A728E0005AE88</string>
			<key>remoteInfo</key>
			<string>OpenWeatherMap_iOS</string>
		</dict>
		<key>BE438688199A728E0005AE88</key>
		<dict>
			<key>isa</key>
			<string>PBXTargetDependency</string>
			<key>target</key>
			<string>BE438660199A728E0005AE88</string>
			<key>targetProxy</key>
			<string>BE438687199A728E0005AE88</string>
		</dict>
		<key>BE438689199A728E0005AE88</key>
		<dict>
			<key>children</key>
			<array>
				<string>BE43868F199A728E0005AE88</string>
				<string>BE43868A199A728E0005AE88</string>
			</array>
			<key>isa</key>
			<string>PBXGroup</string>
			<key>path</key>
			<string>OpenWeatherMap_iOSTests</string>
			<key>sourceTree</key>
			<string>&lt;group&gt;</string>
		</dict>
		<key>BE43868A199A728E0005AE88</key>
		<dict>
			<key>children</key>
			<array>
				<string>BE43868B199A728E0005AE88</string>
				<string>BE43868C199A728E0005AE88</string>
			</array>
			<key>isa</key>
			<string>PBXGroup</string>
			<key>name</key>
			<string>Supporting Files</string>
			<key>sourceTree</key>
			<string>&lt;group&gt;</string>
		</dict>
		<key>BE43868B199A728E0005AE88</key>
		<dict>
			<key>isa</key>
			<string>PBXFileReference</string>
			<key>lastKnownFileType</key>
			<string>text.plist.xml</string>
			<key>path</key>
			<string>OpenWeatherMap_iOSTests-Info.plist</string>
			<key>sourceTree</key>
			<string>&lt;group&gt;</string>
		</dict>
		<key>BE43868C199A728E0005AE88</key>
		<dict>
			<key>children</key>
			<array>
				<string>BE43868D199A728E0005AE88</string>
			</array>
			<key>isa</key>
			<string>PBXVariantGroup</string>
			<key>name</key>
			<string>InfoPlist.strings</string>
			<key>sourceTree</key>
			<string>&lt;group&gt;</string>
		</dict>
		<key>BE43868D199A728E0005AE88</key>
		<dict>
			<key>isa</key>
			<string>PBXFileReference</string>
			<key>lastKnownFileType</key>
			<string>text.plist.strings</string>
			<key>name</key>
			<string>en</string>
			<key>path</key>
			<string>en.lproj/InfoPlist.strings</string>
			<key>sourceTree</key>
			<string>&lt;group&gt;</string>
		</dict>
		<key>BE43868E199A728E0005AE88</key>
		<dict>
			<key>fileRef</key>
			<string>BE43868C199A728E0005AE88</string>
			<key>isa</key>
			<string>PBXBuildFile</string>
		</dict>
		<key>BE43868F199A728E0005AE88</key>
		<dict>
			<key>isa</key>
			<string>PBXFileReference</string>
			<key>lastKnownFileType</key>
			<string>sourcecode.c.objc</string>
			<key>path</key>
			<string>OpenWeatherMap_iOSTests.m</string>
			<key>sourceTree</key>
			<string>&lt;group&gt;</string>
		</dict>
		<key>BE438690199A728E0005AE88</key>
		<dict>
			<key>fileRef</key>
			<string>BE43868F199A728E0005AE88</string>
			<key>isa</key>
			<string>PBXBuildFile</string>
		</dict>
		<key>BE438691199A728E0005AE88</key>
		<dict>
			<key>buildSettings</key>
			<dict>
				<key>ALWAYS_SEARCH_USER_PATHS</key>
				<string>NO</string>
				<key>CLANG_CXX_LANGUAGE_STANDARD</key>
				<string>gnu++0x</string>
				<key>CLANG_CXX_LIBRARY</key>
				<string>libc++</string>
				<key>CLANG_ENABLE_MODULES</key>
				<string>YES</string>
				<key>CLANG_ENABLE_OBJC_ARC</key>
				<string>YES</string>
				<key>CLANG_WARN_BOOL_CONVERSION</key>
				<string>YES</string>
				<key>CLANG_WARN_CONSTANT_CONVERSION</key>
				<string>YES</string>
				<key>CLANG_WARN_DIRECT_OBJC_ISA_USAGE</key>
				<string>YES_ERROR</string>
				<key>CLANG_WARN_EMPTY_BODY</key>
				<string>YES</string>
				<key>CLANG_WARN_ENUM_CONVERSION</key>
				<string>YES</string>
				<key>CLANG_WARN_INT_CONVERSION</key>
				<string>YES</string>
				<key>CLANG_WARN_OBJC_ROOT_CLASS</key>
				<string>YES_ERROR</string>
				<key>CLANG_WARN__DUPLICATE_METHOD_MATCH</key>
				<string>YES</string>
				<key>CODE_SIGN_IDENTITY[sdk=iphoneos*]</key>
				<string>iPhone Developer</string>
				<key>COPY_PHASE_STRIP</key>
				<string>NO</string>
				<key>GCC_C_LANGUAGE_STANDARD</key>
				<string>gnu99</string>
				<key>GCC_DYNAMIC_NO_PIC</key>
				<string>NO</string>
				<key>GCC_OPTIMIZATION_LEVEL</key>
				<string>0</string>
				<key>GCC_PREPROCESSOR_DEFINITIONS</key>
				<array>
					<string>DEBUG=1</string>
					<string>$(inherited)</string>
				</array>
				<key>GCC_SYMBOLS_PRIVATE_EXTERN</key>
				<string>NO</string>
				<key>GCC_WARN_64_TO_32_BIT_CONVERSION</key>
				<string>YES</string>
				<key>GCC_WARN_ABOUT_RETURN_TYPE</key>
				<string>YES_ERROR</string>
				<key>GCC_WARN_UNDECLARED_SELECTOR</key>
				<string>YES</string>
				<key>GCC_WARN_UNINITIALIZED_AUTOS</key>
				<string>YES_AGGRESSIVE</string>
				<key>GCC_WARN_UNUSED_FUNCTION</key>
				<string>YES</string>
				<key>GCC_WARN_UNUSED_VARIABLE</key>
				<string>YES</string>
				<key>IPHONEOS_DEPLOYMENT_TARGET</key>
				<string>7.1</string>
				<key>ONLY_ACTIVE_ARCH</key>
				<string>YES</string>
				<key>SDKROOT</key>
				<string>iphoneos</string>
				<key>TARGETED_DEVICE_FAMILY</key>
				<string>2</string>
			</dict>
			<key>isa</key>
			<string>XCBuildConfiguration</string>
			<key>name</key>
			<string>Debug</string>
		</dict>
		<key>BE438692199A728E0005AE88</key>
		<dict>
			<key>buildSettings</key>
			<dict>
				<key>ALWAYS_SEARCH_USER_PATHS</key>
				<string>NO</string>
				<key>CLANG_CXX_LANGUAGE_STANDARD</key>
				<string>gnu++0x</string>
				<key>CLANG_CXX_LIBRARY</key>
				<string>libc++</string>
				<key>CLANG_ENABLE_MODULES</key>
				<string>YES</string>
				<key>CLANG_ENABLE_OBJC_ARC</key>
				<string>YES</string>
				<key>CLANG_WARN_BOOL_CONVERSION</key>
				<string>YES</string>
				<key>CLANG_WARN_CONSTANT_CONVERSION</key>
				<string>YES</string>
				<key>CLANG_WARN_DIRECT_OBJC_ISA_USAGE</key>
				<string>YES_ERROR</string>
				<key>CLANG_WARN_EMPTY_BODY</key>
				<string>YES</string>
				<key>CLANG_WARN_ENUM_CONVERSION</key>
				<string>YES</string>
				<key>CLANG_WARN_INT_CONVERSION</key>
				<string>YES</string>
				<key>CLANG_WARN_OBJC_ROOT_CLASS</key>
				<string>YES_ERROR</string>
				<key>CLANG_WARN__DUPLICATE_METHOD_MATCH</key>
				<string>YES</string>
				<key>CODE_SIGN_IDENTITY[sdk=iphoneos*]</key>
				<string>iPhone Developer</string>
				<key>COPY_PHASE_STRIP</key>
				<string>YES</string>
				<key>ENABLE_NS_ASSERTIONS</key>
				<string>NO</string>
				<key>GCC_C_LANGUAGE_STANDARD</key>
				<string>gnu99</string>
				<key>GCC_WARN_64_TO_32_BIT_CONVERSION</key>
				<string>YES</string>
				<key>GCC_WARN_ABOUT_RETURN_TYPE</key>
				<string>YES_ERROR</string>
				<key>GCC_WARN_UNDECLARED_SELECTOR</key>
				<string>YES</string>
				<key>GCC_WARN_UNINITIALIZED_AUTOS</key>
				<string>YES_AGGRESSIVE</string>
				<key>GCC_WARN_UNUSED_FUNCTION</key>
				<string>YES</string>
				<key>GCC_WARN_UNUSED_VARIABLE</key>
				<string>YES</string>
				<key>IPHONEOS_DEPLOYMENT_TARGET</key>
				<string>7.1</string>
				<key>SDKROOT</key>
				<string>iphoneos</string>
				<key>TARGETED_DEVICE_FAMILY</key>
				<string>2</string>
				<key>VALIDATE_PRODUCT</key>
				<string>YES</string>
			</dict>
			<key>isa</key>
			<string>XCBuildConfiguration</string>
			<key>name</key>
			<string>Release</string>
		</dict>
		<key>BE438693199A728E0005AE88</key>
		<dict>
			<key>buildConfigurations</key>
			<array>
				<string>BE438694199A728E0005AE88</string>
				<string>BE438695199A728E0005AE88</string>
			</array>
			<key>defaultConfigurationIsVisible</key>
			<string>0</string>
			<key>isa</key>
			<string>XCConfigurationList</string>
		</dict>
		<key>BE438694199A728E0005AE88</key>
		<dict>
			<key>baseConfigurationReference</key>
			<string>8E4EC52F6B214A6EBEF143CC</string>
			<key>buildSettings</key>
			<dict>
				<key>ASSETCATALOG_COMPILER_APPICON_NAME</key>
				<string>AppIcon</string>
				<key>ASSETCATALOG_COMPILER_LAUNCHIMAGE_NAME</key>
				<string>LaunchImage</string>
				<key>GCC_PRECOMPILE_PREFIX_HEADER</key>
				<string>YES</string>
				<key>GCC_PREFIX_HEADER</key>
				<string>OpenWeatherMap_iOS/OpenWeatherMap_iOS-Prefix.pch</string>
				<key>INFOPLIST_FILE</key>
				<string>OpenWeatherMap_iOS/OpenWeatherMap_iOS-Info.plist</string>
				<key>PRODUCT_NAME</key>
				<string>$(TARGET_NAME)</string>
				<key>WRAPPER_EXTENSION</key>
				<string>app</string>
			</dict>
			<key>isa</key>
			<string>XCBuildConfiguration</string>
			<key>name</key>
			<string>Debug</string>
		</dict>
		<key>BE438695199A728E0005AE88</key>
		<dict>
			<key>baseConfigurationReference</key>
			<string>8E4EC52F6B214A6EBEF143CC</string>
			<key>buildSettings</key>
			<dict>
				<key>ASSETCATALOG_COMPILER_APPICON_NAME</key>
				<string>AppIcon</string>
				<key>ASSETCATALOG_COMPILER_LAUNCHIMAGE_NAME</key>
				<string>LaunchImage</string>
				<key>GCC_PRECOMPILE_PREFIX_HEADER</key>
				<string>YES</string>
				<key>GCC_PREFIX_HEADER</key>
				<string>OpenWeatherMap_iOS/OpenWeatherMap_iOS-Prefix.pch</string>
				<key>INFOPLIST_FILE</key>
				<string>OpenWeatherMap_iOS/OpenWeatherMap_iOS-Info.plist</string>
				<key>PRODUCT_NAME</key>
				<string>$(TARGET_NAME)</string>
				<key>WRAPPER_EXTENSION</key>
				<string>app</string>
			</dict>
			<key>isa</key>
			<string>XCBuildConfiguration</string>
			<key>name</key>
			<string>Release</string>
		</dict>
		<key>BE438696199A728E0005AE88</key>
		<dict>
			<key>buildConfigurations</key>
			<array>
				<string>BE438697199A728E0005AE88</string>
				<string>BE438698199A728E0005AE88</string>
			</array>
			<key>defaultConfigurationIsVisible</key>
			<string>0</string>
			<key>isa</key>
			<string>XCConfigurationList</string>
		</dict>
		<key>BE438697199A728E0005AE88</key>
		<dict>
			<key>buildSettings</key>
			<dict>
				<key>BUNDLE_LOADER</key>
				<string>$(BUILT_PRODUCTS_DIR)/OpenWeatherMap_iOS.app/OpenWeatherMap_iOS</string>
				<key>FRAMEWORK_SEARCH_PATHS</key>
				<array>
					<string>$(SDKROOT)/Developer/Library/Frameworks</string>
					<string>$(inherited)</string>
					<string>$(DEVELOPER_FRAMEWORKS_DIR)</string>
				</array>
				<key>GCC_PRECOMPILE_PREFIX_HEADER</key>
				<string>YES</string>
				<key>GCC_PREFIX_HEADER</key>
				<string>OpenWeatherMap_iOS/OpenWeatherMap_iOS-Prefix.pch</string>
				<key>GCC_PREPROCESSOR_DEFINITIONS</key>
				<array>
					<string>DEBUG=1</string>
					<string>$(inherited)</string>
				</array>
				<key>INFOPLIST_FILE</key>
				<string>OpenWeatherMap_iOSTests/OpenWeatherMap_iOSTests-Info.plist</string>
				<key>PRODUCT_NAME</key>
				<string>$(TARGET_NAME)</string>
				<key>TEST_HOST</key>
				<string>$(BUNDLE_LOADER)</string>
				<key>WRAPPER_EXTENSION</key>
				<string>xctest</string>
			</dict>
			<key>isa</key>
			<string>XCBuildConfiguration</string>
			<key>name</key>
			<string>Debug</string>
		</dict>
		<key>BE438698199A728E0005AE88</key>
		<dict>
			<key>buildSettings</key>
			<dict>
				<key>BUNDLE_LOADER</key>
				<string>$(BUILT_PRODUCTS_DIR)/OpenWeatherMap_iOS.app/OpenWeatherMap_iOS</string>
				<key>FRAMEWORK_SEARCH_PATHS</key>
				<array>
					<string>$(SDKROOT)/Developer/Library/Frameworks</string>
					<string>$(inherited)</string>
					<string>$(DEVELOPER_FRAMEWORKS_DIR)</string>
				</array>
				<key>GCC_PRECOMPILE_PREFIX_HEADER</key>
				<string>YES</string>
				<key>GCC_PREFIX_HEADER</key>
				<string>OpenWeatherMap_iOS/OpenWeatherMap_iOS-Prefix.pch</string>
				<key>INFOPLIST_FILE</key>
				<string>OpenWeatherMap_iOSTests/OpenWeatherMap_iOSTests-Info.plist</string>
				<key>PRODUCT_NAME</key>
				<string>$(TARGET_NAME)</string>
				<key>TEST_HOST</key>
				<string>$(BUNDLE_LOADER)</string>
				<key>WRAPPER_EXTENSION</key>
				<string>xctest</string>
			</dict>
			<key>isa</key>
			<string>XCBuildConfiguration</string>
			<key>name</key>
			<string>Release</string>
		</dict>
	</dict>
	<key>rootObject</key>
	<string>BE438659199A728E0005AE88</string>
</dict>
</plist>
